
Microsoft Visual Studio Solution File, Format Version 12.00
# Visual Studio Version 16
VisualStudioVersion = 16.0.30114.105
MinimumVisualStudioVersion = 10.0.40219.1
Project("{FAE04EC0-301F-11D3-BF4B-00C04F79EFBC}") = "ProEventos.Application", "ProEventos.Application\ProEventos.Application.csproj", "{F77C4ECA-8115-4AE3-9F2D-8C2E938CDACD}"
EndProject
Project("{FAE04EC0-301F-11D3-BF4B-00C04F79EFBC}") = "ProEventos.Domain", "ProEventos.Domain\ProEventos.Domain.csproj", "{04F821C8-C4D3-454B-BB10-242E2728815D}"
EndProject
Project("{FAE04EC0-301F-11D3-BF4B-00C04F79EFBC}") = "ProEventos.Persistence", "ProEventos.Persistence\ProEventos.Persistence.csproj", "{DC1F8EEA-B26F-45B0-A780-F99D77E0E004}"
EndProject
Project("{FAE04EC0-301F-11D3-BF4B-00C04F79EFBC}") = "ProEventos.API", "ProEventos.API\ProEventos.API.csproj", "{8022B9AE-7888-4F0E-8078-B62F920B39F5}"
EndProject
Global
	GlobalSection(SolutionConfigurationPlatforms) = preSolution
		Debug|Any CPU = Debug|Any CPU
		Release|Any CPU = Release|Any CPU
	EndGlobalSection
	GlobalSection(SolutionProperties) = preSolution
		HideSolutionNode = FALSE
	EndGlobalSection
	GlobalSection(ProjectConfigurationPlatforms) = postSolution
		{F77C4ECA-8115-4AE3-9F2D-8C2E938CDACD}.Debug|Any CPU.ActiveCfg = Debug|Any CPU
		{F77C4ECA-8115-4AE3-9F2D-8C2E938CDACD}.Debug|Any CPU.Build.0 = Debug|Any CPU
		{F77C4ECA-8115-4AE3-9F2D-8C2E938CDACD}.Release|Any CPU.ActiveCfg = Release|Any CPU
		{F77C4ECA-8115-4AE3-9F2D-8C2E938CDACD}.Release|Any CPU.Build.0 = Release|Any CPU
		{04F821C8-C4D3-454B-BB10-242E2728815D}.Debug|Any CPU.ActiveCfg = Debug|Any CPU
		{04F821C8-C4D3-454B-BB10-242E2728815D}.Debug|Any CPU.Build.0 = Debug|Any CPU
		{04F821C8-C4D3-454B-BB10-242E2728815D}.Release|Any CPU.ActiveCfg = Release|Any CPU
		{04F821C8-C4D3-454B-BB10-242E2728815D}.Release|Any CPU.Build.0 = Release|Any CPU
		{DC1F8EEA-B26F-45B0-A780-F99D77E0E004}.Debug|Any CPU.ActiveCfg = Debug|Any CPU
		{DC1F8EEA-B26F-45B0-A780-F99D77E0E004}.Debug|Any CPU.Build.0 = Debug|Any CPU
		{DC1F8EEA-B26F-45B0-A780-F99D77E0E004}.Release|Any CPU.ActiveCfg = Release|Any CPU
		{DC1F8EEA-B26F-45B0-A780-F99D77E0E004}.Release|Any CPU.Build.0 = Release|Any CPU
		{8022B9AE-7888-4F0E-8078-B62F920B39F5}.Debug|Any CPU.ActiveCfg = Debug|Any CPU
		{8022B9AE-7888-4F0E-8078-B62F920B39F5}.Debug|Any CPU.Build.0 = Debug|Any CPU
		{8022B9AE-7888-4F0E-8078-B62F920B39F5}.Release|Any CPU.ActiveCfg = Release|Any CPU
		{8022B9AE-7888-4F0E-8078-B62F920B39F5}.Release|Any CPU.Build.0 = Release|Any CPU
	EndGlobalSection
EndGlobal
